lockfileVersion: 5.4

importers:

  .:
    specifiers: {}

  packages/client:
    specifiers:
      esbuild: ^0.15.11
      node-fetch: ^3.2.10
    devDependencies:
      esbuild: 0.15.11
      node-fetch: 3.2.10

  packages/keygate-ui:
    specifiers:
      esbuild: ^0.15.11
    devDependencies:
      esbuild: 0.15.11

  packages/react:
    specifiers:
      react: ^18.2.0
      react-dom: ^18.2.0
    devDependencies:
      react: 18.2.0
      react-dom: 18.2.0_react@18.2.0

  packages/server:
    specifiers:
      idb-keyval: ^6.2.0
      node-fetch: ^3.2.10
    dependencies:
      idb-keyval: 6.2.0
      node-fetch: 3.2.10

  packages/ui:
    specifiers:
      lit: ^2.4.0
    dependencies:
      lit: 2.4.0

packages:

  /@esbuild/android-arm/0.15.11:
    resolution: {integrity: sha512-PzMcQLazLBkwDEkrNPi9AbjFt6+3I7HKbiYF2XtWQ7wItrHvEOeO3T8Am434zAozWtVP7lrTue1bEfc2nYWeCA==}
    engines: {node: '>=12'}
    cpu: [arm]
    os: [android]
    requiresBuild: true
    dev: true
    optional: true

  /@esbuild/linux-loong64/0.15.11:
    resolution: {integrity: sha512-geWp637tUhNmhL3Xgy4Bj703yXB9dqiLJe05lCUfjSFDrQf9C/8pArusyPUbUbPwlC/EAUjBw32sxuIl/11dZw==}
    engines: {node: '>=12'}
    cpu: [loong64]
    os: [linux]
    requiresBuild: true
    dev: true
    optional: true

  /@lit/reactive-element/1.4.1:
    resolution: {integrity: sha512-qDv4851VFSaBWzpS02cXHclo40jsbAjRXnebNXpm0uVg32kCneZPo9RYVQtrTNICtZ+1wAYHu1ZtxWSWMbKrBw==}
    dev: false

  /@types/trusted-types/2.0.2:
    resolution: {integrity: sha512-F5DIZ36YVLE+PN+Zwws4kJogq47hNgX3Nx6WyDJ3kcplxyke3XIzB8uK5n/Lpm1HBsbGzd6nmGehL8cPekP+Tg==}
    dev: false

  /data-uri-to-buffer/4.0.0:
    resolution: {integrity: sha512-Vr3mLBA8qWmcuschSLAOogKgQ/Jwxulv3RNE4FXnYWRGujzrRWQI4m12fQqRkwX06C0KanhLr4hK+GydchZsaA==}
    engines: {node: '>= 12'}

  /esbuild-android-64/0.15.11:
    resolution: {integrity: sha512-rrwoXEiuI1kaw4k475NJpexs8GfJqQUKcD08VR8sKHmuW9RUuTR2VxcupVvHdiGh9ihxL9m3lpqB1kju92Ialw==}
    engines: {node: '>=12'}
    cpu: [x64]
    os: [android]
    requiresBuild: true
    dev: true
    optional: true

  /esbuild-android-arm64/0.15.11:
    resolution: {integrity: sha512-/hDubOg7BHOhUUsT8KUIU7GfZm5bihqssvqK5PfO4apag7YuObZRZSzViyEKcFn2tPeHx7RKbSBXvAopSHDZJQ==}
    engines: {node: '>=12'}
    cpu: [arm64]
    os: [android]
    requiresBuild: true
    dev: true
    optional: true

  /esbuild-darwin-64/0.15.11:
    resolution: {integrity: sha512-1DqHD0ms3AhiwkKnjRUzmiW7JnaJJr5FKrPiR7xuyMwnjDqvNWDdMq4rKSD9OC0piFNK6n0LghsglNMe2MwJtA==}
    engines: {node: '>=12'}
    cpu: [x64]
    os: [darwin]
    requiresBuild: true
    dev: true
    optional: true

  /esbuild-darwin-arm64/0.15.11:
    resolution: {integrity: sha512-OMzhxSbS0lwwrW40HHjRCeVIJTURdXFA8c3GU30MlHKuPCcvWNUIKVucVBtNpJySXmbkQMDJdJNrXzNDyvoqvQ==}
    engines: {node: '>=12'}
    cpu: [arm64]
    os: [darwin]
    requiresBuild: true
    dev: true
    optional: true

  /esbuild-freebsd-64/0.15.11:
    resolution: {integrity: sha512-8dKP26r0/Qyez8nTCwpq60QbuYKOeBygdgOAWGCRalunyeqWRoSZj9TQjPDnTTI9joxd3QYw3UhVZTKxO9QdRg==}
    engines: {node: '>=12'}
    cpu: [x64]
    os: [freebsd]
    requiresBuild: true
    dev: true
    optional: true

  /esbuild-freebsd-arm64/0.15.11:
    resolution: {integrity: sha512-aSGiODiukLGGnSg/O9+cGO2QxEacrdCtCawehkWYTt5VX1ni2b9KoxpHCT9h9Y6wGqNHmXFnB47RRJ8BIqZgmQ==}
    engines: {node: '>=12'}
    cpu: [arm64]
    os: [freebsd]
    requiresBuild: true
    dev: true
    optional: true

  /esbuild-linux-32/0.15.11:
    resolution: {integrity: sha512-lsrAfdyJBGx+6aHIQmgqUonEzKYeBnyfJPkT6N2dOf1RoXYYV1BkWB6G02tjsrz1d5wZzaTc3cF+TKmuTo/ZwA==}
    engines: {node: '>=12'}
    cpu: [ia32]
    os: [linux]
    requiresBuild: true
    dev: true
    optional: true

  /esbuild-linux-64/0.15.11:
    resolution: {integrity: sha512-Y2Rh+PcyVhQqXKBTacPCltINN3uIw2xC+dsvLANJ1SpK5NJUtxv8+rqWpjmBgaNWKQT1/uGpMmA9olALy9PLVA==}
    engines: {node: '>=12'}
    cpu: [x64]
    os: [linux]
    requiresBuild: true
    dev: true
    optional: true

  /esbuild-linux-arm/0.15.11:
    resolution: {integrity: sha512-TJllTVk5aSyqPFvvcHTvf6Wu1ZKhWpJ/qNmZO8LL/XeB+LXCclm7HQHNEIz6MT7IX8PmlC1BZYrOiw2sXSB95A==}
    engines: {node: '>=12'}
    cpu: [arm]
    os: [linux]
    requiresBuild: true
    dev: true
    optional: true

  /esbuild-linux-arm64/0.15.11:
    resolution: {integrity: sha512-uhcXiTwTmD4OpxJu3xC5TzAAw6Wzf9O1XGWL448EE9bqGjgV1j+oK3lIHAfsHnuIn8K4nDW8yjX0Sv5S++oRuw==}
    engines: {node: '>=12'}
    cpu: [arm64]
    os: [linux]
    requiresBuild: true
    dev: true
    optional: true

  /esbuild-linux-mips64le/0.15.11:
    resolution: {integrity: sha512-WD61y/R1M4BLe4gxXRypoQ0Ci+Vjf714QYzcPNkiYv5I8K8WDz2ZR8Bm6cqKxd6rD+e/rZgPDbhQ9PCf7TMHmA==}
    engines: {node: '>=12'}
    cpu: [mips64el]
    os: [linux]
    requiresBuild: true
    dev: true
    optional: true

  /esbuild-linux-ppc64le/0.15.11:
    resolution: {integrity: sha512-JVleZS9oPVLTlBhPTWgOwxFWU/wMUdlBwTbGA4GF8c38sLbS13cupj+C8bLq929jU7EMWry4SaL+tKGIaTlqKg==}
    engines: {node: '>=12'}
    cpu: [ppc64]
    os: [linux]
    requiresBuild: true
    dev: true
    optional: true

  /esbuild-linux-riscv64/0.15.11:
    resolution: {integrity: sha512-9aLIalZ2HFHIOZpmVU11sEAS9F8TnHw49daEjcgMpBXHFF57VuT9f9/9LKJhw781Gda0P9jDkuCWJ0tFbErvJw==}
    engines: {node: '>=12'}
    cpu: [riscv64]
    os: [linux]
    requiresBuild: true
    dev: true
    optional: true

  /esbuild-linux-s390x/0.15.11:
    resolution: {integrity: sha512-sZHtiXXOKsLI3XGBGoYO4qKBzJlb8xNsWmvFiwFMHFzA4AXgDP1KDp7Dawe9C2pavTRBDvl+Ok4n/DHQ59oaTg==}
    engines: {node: '>=12'}
    cpu: [s390x]
    os: [linux]
    requiresBuild: true
    dev: true
    optional: true

  /esbuild-netbsd-64/0.15.11:
    resolution: {integrity: sha512-hUC9yN06K9sg7ju4Vgu9ChAPdsEgtcrcLfyNT5IKwKyfpLvKUwCMZSdF+gRD3WpyZelgTQfJ+pDx5XFbXTlB0A==}
    engines: {node: '>=12'}
    cpu: [x64]
    os: [netbsd]
    requiresBuild: true
    dev: true
    optional: true

  /esbuild-openbsd-64/0.15.11:
    resolution: {integrity: sha512-0bBo9SQR4t66Wd91LGMAqmWorzO0TTzVjYiifwoFtel8luFeXuPThQnEm5ztN4g0fnvcp7AnUPPzS/Depf17wQ==}
    engines: {node: '>=12'}
    cpu: [x64]
    os: [openbsd]
    requiresBuild: true
    dev: true
    optional: true

  /esbuild-sunos-64/0.15.11:
    resolution: {integrity: sha512-EuBdTGlsMTjEl1sQnBX2jfygy7iR6CKfvOzi+gEOfhDqbHXsmY1dcpbVtcwHAg9/2yUZSfMJHMAgf1z8M4yyyw==}
    engines: {node: '>=12'}
    cpu: [x64]
    os: [sunos]
    requiresBuild: true
    dev: true
    optional: true

  /esbuild-windows-32/0.15.11:
    resolution: {integrity: sha512-O0/Wo1Wk6dc0rZSxkvGpmTNIycEznHmkObTFz2VHBhjPsO4ZpCgfGxNkCpz4AdAIeMczpTXt/8d5vdJNKEGC+Q==}
    engines: {node: '>=12'}
    cpu: [ia32]
    os: [win32]
    requiresBuild: true
    dev: true
    optional: true

  /esbuild-windows-64/0.15.11:
    resolution: {integrity: sha512-x977Q4HhNjnHx00b4XLAnTtj5vfbdEvkxaQwC1Zh5AN8g5EX+izgZ6e5QgqJgpzyRNJqh4hkgIJF1pyy1be0mQ==}
    engines: {node: '>=12'}
    cpu: [x64]
    os: [win32]
    requiresBuild: true
    dev: true
    optional: true

  /esbuild-windows-arm64/0.15.11:
    resolution: {integrity: sha512-VwUHFACuBahrvntdcMKZteUZ9HaYrBRODoKe4tIWxguQRvvYoYb7iu5LrcRS/FQx8KPZNaa72zuqwVtHeXsITw==}
    engines: {node: '>=12'}
    cpu: [arm64]
    os: [win32]
    requiresBuild: true
    dev: true
    optional: true

  /esbuild/0.15.11:
    resolution: {integrity: sha512-OgHGuhlfZ//mToxjte1D5iiiQgWfJ2GByVMwEC/IuoXsBGkuyK1+KrjYu0laSpnN/L1UmLUCv0s25vObdc1bVg==}
    engines: {node: '>=12'}
    hasBin: true
    requiresBuild: true
    optionalDependencies:
      '@esbuild/android-arm': 0.15.11
      '@esbuild/linux-loong64': 0.15.11
      esbuild-android-64: 0.15.11
      esbuild-android-arm64: 0.15.11
      esbuild-darwin-64: 0.15.11
      esbuild-darwin-arm64: 0.15.11
      esbuild-freebsd-64: 0.15.11
      esbuild-freebsd-arm64: 0.15.11
      esbuild-linux-32: 0.15.11
      esbuild-linux-64: 0.15.11
      esbuild-linux-arm: 0.15.11
      esbuild-linux-arm64: 0.15.11
      esbuild-linux-mips64le: 0.15.11
      esbuild-linux-ppc64le: 0.15.11
      esbuild-linux-riscv64: 0.15.11
      esbuild-linux-s390x: 0.15.11
      esbuild-netbsd-64: 0.15.11
      esbuild-openbsd-64: 0.15.11
      esbuild-sunos-64: 0.15.11
      esbuild-windows-32: 0.15.11
      esbuild-windows-64: 0.15.11
      esbuild-windows-arm64: 0.15.11
    dev: true

  /fetch-blob/3.2.0:
    resolution: {integrity: sha512-7yAQpD2UMJzLi1Dqv7qFYnPbaPx7ZfFK6PiIxQ4PfkGPyNyl2Ugx+a/umUonmKqjhM4DnfbMvdX6otXq83soQQ==}
    engines: {node: ^12.20 || >= 14.13}
    dependencies:
      node-domexception: 1.0.0
      web-streams-polyfill: 3.2.1

  /formdata-polyfill/4.0.10:
    resolution: {integrity: sha512-buewHzMvYL29jdeQTVILecSaZKnt/RJWjoZCF5OW60Z67/GmSLBkOFM7qh1PI3zFNtJbaZL5eQu1vLfazOwj4g==}
    engines: {node: '>=12.20.0'}
    dependencies:
      fetch-blob: 3.2.0

  /idb-keyval/6.2.0:
    resolution: {integrity: sha512-uw+MIyQn2jl3+hroD7hF8J7PUviBU7BPKWw4f/ISf32D4LoGu98yHjrzWWJDASu9QNrX10tCJqk9YY0ClWm8Ng==}
    dependencies:
      safari-14-idb-fix: 3.0.0
    dev: false

  /js-tokens/4.0.0:
    resolution: {integrity: sha512-RdJUflcE3cUzKiMqQgsCu06FPu9UdIJO0beYbPhHN4k6apgJtifcoCtT9bcxOpYBtpD2kCM6Sbzg4CausW/PKQ==}
    dev: true

  /lit-element/3.2.2:
    resolution: {integrity: sha512-6ZgxBR9KNroqKb6+htkyBwD90XGRiqKDHVrW/Eh0EZ+l+iC+u+v+w3/BA5NGi4nizAVHGYvQBHUDuSmLjPp7NQ==}
    dependencies:
      '@lit/reactive-element': 1.4.1
      lit-html: 2.4.0
    dev: false

  /lit-html/2.4.0:
    resolution: {integrity: sha512-G6qXu4JNUpY6aaF2VMfaszhO9hlWw0hOTRFDmuMheg/nDYGB+2RztUSOyrzALAbr8Nh0Y7qjhYkReh3rPnplVg==}
    dependencies:
      '@types/trusted-types': 2.0.2
    dev: false

  /lit/2.4.0:
    resolution: {integrity: sha512-fdgzxEtLrZFQU/BqTtxFQCLwlZd9bdat+ltzSFjvWkZrs7eBmeX0L5MHUMb3kYIkuS8Xlfnii/iI5klirF8/Xg==}
    dependencies:
      '@lit/reactive-element': 1.4.1
      lit-element: 3.2.2
      lit-html: 2.4.0
    dev: false

  /loose-envify/1.4.0:
    resolution: {integrity: sha512-lyuxPGr/Wfhrlem2CL/UcnUc1zcqKAImBDzukY7Y5F/yQiNdko6+fRLevlw1HgMySw7f611UIY408EtxRSoK3Q==}
    hasBin: true
    dependencies:
      js-tokens: 4.0.0
    dev: true

  /node-domexception/1.0.0:
    resolution: {integrity: sha512-/jKZoMpw0F8GRwl4/eLROPA3cfcXtLApP0QzLmUT/HuPCZWyB7IY9ZrMeKw2O/nFIqPQB3PVM9aYm0F312AXDQ==}
    engines: {node: '>=10.5.0'}

  /node-fetch/3.2.10:
    resolution: {integrity: sha512-MhuzNwdURnZ1Cp4XTazr69K0BTizsBroX7Zx3UgDSVcZYKF/6p0CBe4EUb/hLqmzVhl0UpYfgRljQ4yxE+iCxA==}
    engines: {node: ^12.20.0 || ^14.13.1 || >=16.0.0}
    dependencies:
      data-uri-to-buffer: 4.0.0
      fetch-blob: 3.2.0
      formdata-polyfill: 4.0.10

  /react-dom/18.2.0_react@18.2.0:
    resolution: {integrity: sha512-6IMTriUmvsjHUjNtEDudZfuDQUoWXVxKHhlEGSk81n4YFS+r/Kl99wXiwlVXtPBtJenozv2P+hxDsw9eA7Xo6g==}
    peerDependencies:
      react: ^18.2.0
    dependencies:
      loose-envify: 1.4.0
      react: 18.2.0
      scheduler: 0.23.0
    dev: true

  /react/18.2.0:
    resolution: {integrity: sha512-/3IjMdb2L9QbBdWiW5e3P2/npwMBaU9mHCSCUzNln0ZCYbcfTsGbTJrU/kGemdH2IWmB2ioZ+zkxtmq6g09fGQ==}
    engines: {node: '>=0.10.0'}
    dependencies:
      loose-envify: 1.4.0
    dev: true

  /safari-14-idb-fix/3.0.0:
    resolution: {integrity: sha512-eBNFLob4PMq8JA1dGyFn6G97q3/WzNtFK4RnzT1fnLq+9RyrGknzYiM/9B12MnKAxuj1IXr7UKYtTNtjyKMBog==}
    dev: false

  /scheduler/0.23.0:
    resolution: {integrity: sha512-CtuThmgHNg7zIZWAXi3AsyIzA3n4xx7aNyjwC2VJldO2LMVDhFK+63xGqq6CsJH4rTAt6/M+N4GhZiDYPx9eUw==}
    dependencies:
      loose-envify: 1.4.0
    dev: true

  /web-streams-polyfill/3.2.1:
    resolution: {integrity: sha512-e0MO3wdXWKrLbL0DgGnUV7WHVuw9OUvL4hjgnPkIeEvESk74gAITi5G606JtZPp39cd8HA9VQzCIvA49LpPN5Q==}
    engines: {node: '>= 8'}
